
Microsoft Visual Studio Solution File, Format Version 12.00
# Visual Studio Version 17
VisualStudioVersion = 17.6.33815.320
MinimumVisualStudioVersion = 10.0.40219.1
Project("{FAE04EC0-301F-11D3-BF4B-00C04F79EFBC}") = "JOB_FINDER", "JOB_FINDER.csproj", "{576F84ED-2692-4524-BED8-17CBA95B10A3}"
EndProject
Global
	GlobalSection(SolutionConfigurationPlatforms) = preSolution
		Debug|Any CPU = Debug|Any CPU
		Release|Any CPU = Release|Any CPU
	EndGlobalSection
	GlobalSection(ProjectConfigurationPlatforms) = postSolution
		{576F84ED-2692-4524-BED8-17CBA95B10A3}.Debug|Any CPU.ActiveCfg = Debug|Any CPU
		{576F84ED-2692-4524-BED8-17CBA95B10A3}.Debug|Any CPU.Build.0 = Debug|Any CPU
		{576F84ED-2692-4524-BED8-17CBA95B10A3}.Release|Any CPU.ActiveCfg = Release|Any CPU
		{576F84ED-2692-4524-BED8-17CBA95B10A3}.Release|Any CPU.Build.0 = Release|Any CPU
	EndGlobalSection
	GlobalSection(SolutionProperties) = preSolution
		HideSolutionNode = FALSE
	EndGlobalSection
	GlobalSection(ExtensibilityGlobals) = postSolution
		SolutionGuid = {7A7A82C4-B671-4342-8146-9DA74179C5AE}
	EndGlobalSection
EndGlobal
